
Microsoft Visual Studio Solution File, Format Version 12.00
# Visual Studio Version 17
VisualStudioVersion = 17.14.36811.4 d17.14
MinimumVisualStudioVersion = 10.0.40219.1
Project("{FAE04EC0-301F-11D3-BF4B-00C04F79EFBC}") = "YummyRestaurant.API", "YummyRestaurant.API\YummyRestaurant.API.csproj", "{BC883C56-A656-4C1D-8C5C-403403C226AD}"
EndProject
Global
	GlobalSection(SolutionConfigurationPlatforms) = preSolution
		Debug|Any CPU = Debug|Any CPU
		Release|Any CPU = Release|Any CPU
	EndGlobalSection
	GlobalSection(ProjectConfigurationPlatforms) = postSolution
		{BC883C56-A656-4C1D-8C5C-403403C226AD}.Debug|Any CPU.ActiveCfg = Debug|Any CPU
		{BC883C56-A656-4C1D-8C5C-403403C226AD}.Debug|Any CPU.Build.0 = Debug|Any CPU
		{BC883C56-A656-4C1D-8C5C-403403C226AD}.Release|Any CPU.ActiveCfg = Release|Any CPU
		{BC883C56-A656-4C1D-8C5C-403403C226AD}.Release|Any CPU.Build.0 = Release|Any CPU
	EndGlobalSection
	GlobalSection(SolutionProperties) = preSolution
		HideSolutionNode = FALSE
	EndGlobalSection
	GlobalSection(ExtensibilityGlobals) = postSolution
		SolutionGuid = {73C6DF51-D500-4ADF-85AA-B68838A0FEEE}
	EndGlobalSection
EndGlobal
